{
  "name": "chunk-standalone",
  "version": "1.0.0",
  "lockfileVersion": 3,
  "requires": true,
  "packages": {
    "": {
      "name": "chunk-standalone",
      "version": "1.0.0",
      "license": "MIT",
      "bin": {
        "chunk-standalone": "bin/chunk-standalone.mjs"
      },
      "engines": {
        "node": ">=20"
      }
    }
  }
}
